
Microsoft Visual Studio Solution File, Format Version 12.00
# Visual Studio Version 16
VisualStudioVersion = 16.0.30517.126
MinimumVisualStudioVersion = 10.0.40219.1
Project("{8BC9CEB8-8B4A-11D0-8D11-00A0C91BC942}") = "Yoba Engine", "src\Yoba Engine.vcxproj", "{AB69294D-B032-4713-910E-2A2EE5B8EE49}"
EndProject
Global
	GlobalSection(SolutionConfigurationPlatforms) = preSolution
		Debug|x64 = Debug|x64
		Debug|x86 = Debug|x86
		Release|x64 = Release|x64
		Release|x86 = Release|x86
	EndGlobalSection
	GlobalSection(ProjectConfigurationPlatforms) = postSolution
		{AB69294D-B032-4713-910E-2A2EE5B8EE49}.Debug|x64.ActiveCfg = Debug|x64
		{AB69294D-B032-4713-910E-2A2EE5B8EE49}.Debug|x64.Build.0 = Debug|x64
		{AB69294D-B032-4713-910E-2A2EE5B8EE49}.Debug|x86.ActiveCfg = Debug|Win32
		{AB69294D-B032-4713-910E-2A2EE5B8EE49}.Debug|x86.Build.0 = Debug|Win32
		{AB69294D-B032-4713-910E-2A2EE5B8EE49}.Release|x64.ActiveCfg = Release|x64
		{AB69294D-B032-4713-910E-2A2EE5B8EE49}.Release|x64.Build.0 = Release|x64
		{AB69294D-B032-4713-910E-2A2EE5B8EE49}.Release|x86.ActiveCfg = Release|Win32
		{AB69294D-B032-4713-910E-2A2EE5B8EE49}.Release|x86.Build.0 = Release|Win32
	EndGlobalSection
	GlobalSection(SolutionProperties) = preSolution
		HideSolutionNode = FALSE
	EndGlobalSection
	GlobalSection(ExtensibilityGlobals) = postSolution
		SolutionGuid = {C2170227-9444-406E-9749-4E158269C46A}
	EndGlobalSection
EndGlobal
